
Microsoft Visual Studio Solution File, Format Version 12.00
# Visual Studio 15
VisualStudioVersion = 15.0.26430.6
MinimumVisualStudioVersion = 10.0.40219.1
Project("{FAE04EC0-301F-11D3-BF4B-00C04F79EFBC}") = "1Vehicles", "1Vehicles\1Vehicles.csproj", "{5B12816C-BE59-4B7C-A8F0-38E64AF9DCE6}"
EndProject
Project("{FAE04EC0-301F-11D3-BF4B-00C04F79EFBC}") = "3WildFarm", "3WildFarm\3WildFarm.csproj", "{F0B934C6-7E46-44A8-9623-BAE07CA5743B}"
EndProject
Global
	GlobalSection(SolutionConfigurationPlatforms) = preSolution
		Debug|Any CPU = Debug|Any CPU
		Release|Any CPU = Release|Any CPU
	EndGlobalSection
	GlobalSection(ProjectConfigurationPlatforms) = postSolution
		{5B12816C-BE59-4B7C-A8F0-38E64AF9DCE6}.Debug|Any CPU.ActiveCfg = Debug|Any CPU
		{5B12816C-BE59-4B7C-A8F0-38E64AF9DCE6}.Debug|Any CPU.Build.0 = Debug|Any CPU
		{5B12816C-BE59-4B7C-A8F0-38E64AF9DCE6}.Release|Any CPU.ActiveCfg = Release|Any CPU
		{5B12816C-BE59-4B7C-A8F0-38E64AF9DCE6}.Release|Any CPU.Build.0 = Release|Any CPU
		{F0B934C6-7E46-44A8-9623-BAE07CA5743B}.Debug|Any CPU.ActiveCfg = Debug|Any CPU
		{F0B934C6-7E46-44A8-9623-BAE07CA5743B}.Debug|Any CPU.Build.0 = Debug|Any CPU
		{F0B934C6-7E46-44A8-9623-BAE07CA5743B}.Release|Any CPU.ActiveCfg = Release|Any CPU
		{F0B934C6-7E46-44A8-9623-BAE07CA5743B}.Release|Any CPU.Build.0 = Release|Any CPU
	EndGlobalSection
	GlobalSection(SolutionProperties) = preSolution
		HideSolutionNode = FALSE
	EndGlobalSection
EndGlobal
