
Microsoft Visual Studio Solution File, Format Version 12.00
# Visual Studio 15
VisualStudioVersion = 15.0.26430.6
MinimumVisualStudioVersion = 10.0.40219.1
Project("{FAE04EC0-301F-11D3-BF4B-00C04F79EFBC}") = "1CubicArtillery", "1CubicArtillery\1CubicArtillery.csproj", "{AB863162-0D82-470D-B5AC-A6179EFB31E2}"
EndProject
Project("{FAE04EC0-301F-11D3-BF4B-00C04F79EFBC}") = "2CubicRube", "2CubicRube\2CubicRube.csproj", "{C407BD2C-FD4A-4EC3-B197-C5C8FB423C08}"
EndProject
Project("{FAE04EC0-301F-11D3-BF4B-00C04F79EFBC}") = "4CubicAssault", "4CubicAssault\4CubicAssault.csproj", "{B9F86D19-7C71-4AC8-B625-569633C54899}"
EndProject
Project("{FAE04EC0-301F-11D3-BF4B-00C04F79EFBC}") = "3CubicMessages", "3CubicMessages\3CubicMessages.csproj", "{0938E54F-6AD6-46E4-B120-18DA0B15C0D3}"
EndProject
Project("{FAE04EC0-301F-11D3-BF4B-00C04F79EFBC}") = "Test", "Test\Test.csproj", "{46BF05CB-AD77-49A2-9F34-AC4FE88D35C2}"
EndProject
Global
	GlobalSection(SolutionConfigurationPlatforms) = preSolution
		Debug|Any CPU = Debug|Any CPU
		Release|Any CPU = Release|Any CPU
	EndGlobalSection
	GlobalSection(ProjectConfigurationPlatforms) = postSolution
		{AB863162-0D82-470D-B5AC-A6179EFB31E2}.Debug|Any CPU.ActiveCfg = Debug|Any CPU
		{AB863162-0D82-470D-B5AC-A6179EFB31E2}.Debug|Any CPU.Build.0 = Debug|Any CPU
		{AB863162-0D82-470D-B5AC-A6179EFB31E2}.Release|Any CPU.ActiveCfg = Release|Any CPU
		{AB863162-0D82-470D-B5AC-A6179EFB31E2}.Release|Any CPU.Build.0 = Release|Any CPU
		{C407BD2C-FD4A-4EC3-B197-C5C8FB423C08}.Debug|Any CPU.ActiveCfg = Debug|Any CPU
		{C407BD2C-FD4A-4EC3-B197-C5C8FB423C08}.Debug|Any CPU.Build.0 = Debug|Any CPU
		{C407BD2C-FD4A-4EC3-B197-C5C8FB423C08}.Release|Any CPU.ActiveCfg = Release|Any CPU
		{C407BD2C-FD4A-4EC3-B197-C5C8FB423C08}.Release|Any CPU.Build.0 = Release|Any CPU
		{B9F86D19-7C71-4AC8-B625-569633C54899}.Debug|Any CPU.ActiveCfg = Debug|Any CPU
		{B9F86D19-7C71-4AC8-B625-569633C54899}.Debug|Any CPU.Build.0 = Debug|Any CPU
		{B9F86D19-7C71-4AC8-B625-569633C54899}.Release|Any CPU.ActiveCfg = Release|Any CPU
		{B9F86D19-7C71-4AC8-B625-569633C54899}.Release|Any CPU.Build.0 = Release|Any CPU
		{0938E54F-6AD6-46E4-B120-18DA0B15C0D3}.Debug|Any CPU.ActiveCfg = Debug|Any CPU
		{0938E54F-6AD6-46E4-B120-18DA0B15C0D3}.Debug|Any CPU.Build.0 = Debug|Any CPU
		{0938E54F-6AD6-46E4-B120-18DA0B15C0D3}.Release|Any CPU.ActiveCfg = Release|Any CPU
		{0938E54F-6AD6-46E4-B120-18DA0B15C0D3}.Release|Any CPU.Build.0 = Release|Any CPU
		{46BF05CB-AD77-49A2-9F34-AC4FE88D35C2}.Debug|Any CPU.ActiveCfg = Debug|Any CPU
		{46BF05CB-AD77-49A2-9F34-AC4FE88D35C2}.Debug|Any CPU.Build.0 = Debug|Any CPU
		{46BF05CB-AD77-49A2-9F34-AC4FE88D35C2}.Release|Any CPU.ActiveCfg = Release|Any CPU
		{46BF05CB-AD77-49A2-9F34-AC4FE88D35C2}.Release|Any CPU.Build.0 = Release|Any CPU
	EndGlobalSection
	GlobalSection(SolutionProperties) = preSolution
		HideSolutionNode = FALSE
	EndGlobalSection
EndGlobal
